
Microsoft Visual Studio Solution File, Format Version 12.00
# Visual Studio 15
VisualStudioVersion = 15.0.26430.16
MinimumVisualStudioVersion = 10.0.40219.1
Project("{FAE04EC0-301F-11D3-BF4B-00C04F79EFBC}") = "IhmLazyLoading", "IhmMain\IhmLazyLoading.csproj", "{7DD376BF-FCFA-4C34-BB1E-17D556381E2F}"
EndProject
Project("{2150E333-8FDC-42A3-9474-1A3956D46DE8}") = "business", "business", "{B0FCB065-3A14-4E2D-ADE1-57E3D00D5444}"
EndProject
Project("{FAE04EC0-301F-11D3-BF4B-00C04F79EFBC}") = "FileManagement", "FileManagement\FileManagement.csproj", "{C342A2B5-BE96-4690-A8B5-543ABB7CE4A3}"
EndProject
Project("{FAE04EC0-301F-11D3-BF4B-00C04F79EFBC}") = "DisplayIhm", "DisplayIhm\DisplayIhm.csproj", "{70716426-3379-4479-89A8-EBD73DE34908}"
EndProject
Project("{2150E333-8FDC-42A3-9474-1A3956D46DE8}") = "Display", "Display", "{A4C9F766-02B4-486F-A297-6FFA25EE2598}"
EndProject
Project("{FAE04EC0-301F-11D3-BF4B-00C04F79EFBC}") = "ConsoleApp1", "ConsoleApp1\ConsoleApp1.csproj", "{7651506B-0D40-4B33-963E-5AC9D999CF3C}"
EndProject
Global
	GlobalSection(SolutionConfigurationPlatforms) = preSolution
		Debug|Any CPU = Debug|Any CPU
		Release|Any CPU = Release|Any CPU
	EndGlobalSection
	GlobalSection(ProjectConfigurationPlatforms) = postSolution
		{7DD376BF-FCFA-4C34-BB1E-17D556381E2F}.Debug|Any CPU.ActiveCfg = Debug|Any CPU
		{7DD376BF-FCFA-4C34-BB1E-17D556381E2F}.Debug|Any CPU.Build.0 = Debug|Any CPU
		{7DD376BF-FCFA-4C34-BB1E-17D556381E2F}.Release|Any CPU.ActiveCfg = Release|Any CPU
		{7DD376BF-FCFA-4C34-BB1E-17D556381E2F}.Release|Any CPU.Build.0 = Release|Any CPU
		{C342A2B5-BE96-4690-A8B5-543ABB7CE4A3}.Debug|Any CPU.ActiveCfg = Debug|Any CPU
		{C342A2B5-BE96-4690-A8B5-543ABB7CE4A3}.Debug|Any CPU.Build.0 = Debug|Any CPU
		{C342A2B5-BE96-4690-A8B5-543ABB7CE4A3}.Release|Any CPU.ActiveCfg = Release|Any CPU
		{C342A2B5-BE96-4690-A8B5-543ABB7CE4A3}.Release|Any CPU.Build.0 = Release|Any CPU
		{70716426-3379-4479-89A8-EBD73DE34908}.Debug|Any CPU.ActiveCfg = Debug|Any CPU
		{70716426-3379-4479-89A8-EBD73DE34908}.Debug|Any CPU.Build.0 = Debug|Any CPU
		{70716426-3379-4479-89A8-EBD73DE34908}.Release|Any CPU.ActiveCfg = Release|Any CPU
		{70716426-3379-4479-89A8-EBD73DE34908}.Release|Any CPU.Build.0 = Release|Any CPU
		{7651506B-0D40-4B33-963E-5AC9D999CF3C}.Debug|Any CPU.ActiveCfg = Debug|Any CPU
		{7651506B-0D40-4B33-963E-5AC9D999CF3C}.Debug|Any CPU.Build.0 = Debug|Any CPU
		{7651506B-0D40-4B33-963E-5AC9D999CF3C}.Release|Any CPU.ActiveCfg = Release|Any CPU
		{7651506B-0D40-4B33-963E-5AC9D999CF3C}.Release|Any CPU.Build.0 = Release|Any CPU
	EndGlobalSection
	GlobalSection(SolutionProperties) = preSolution
		HideSolutionNode = FALSE
	EndGlobalSection
	GlobalSection(NestedProjects) = preSolution
		{C342A2B5-BE96-4690-A8B5-543ABB7CE4A3} = {B0FCB065-3A14-4E2D-ADE1-57E3D00D5444}
		{70716426-3379-4479-89A8-EBD73DE34908} = {A4C9F766-02B4-486F-A297-6FFA25EE2598}
	EndGlobalSection
EndGlobal
